
Microsoft Visual Studio Solution File, Format Version 12.00
# Visual Studio 15
VisualStudioVersion = 15.0.26730.12
MinimumVisualStudioVersion = 10.0.40219.1
Project("{9A19103F-16F7-4668-BE54-9A1E7A4F7556}") = "AddressBook.Dal.SqlServer", "AddressBook.Dal.SqlServer\AddressBook.Dal.SqlServer.csproj", "{DF0AC385-013D-4832-A35A-196D84C7820F}"
EndProject
Project("{9A19103F-16F7-4668-BE54-9A1E7A4F7556}") = "AddressBook", "AddressBook\AddressBook.csproj", "{7D432754-FDB5-46E8-B8A1-9F431266B8D6}"
EndProject
Project("{9A19103F-16F7-4668-BE54-9A1E7A4F7556}") = "AddressBook.Dal.Abstract", "AddressBook.Dal.Abstract\AddressBook.Dal.Abstract.csproj", "{46F1BEA2-A834-4295-BCE0-D23E8E7F8A59}"
EndProject
Global
	GlobalSection(SolutionConfigurationPlatforms) = preSolution
		Debug|Any CPU = Debug|Any CPU
		Release|Any CPU = Release|Any CPU
	EndGlobalSection
	GlobalSection(ProjectConfigurationPlatforms) = postSolution
		{DF0AC385-013D-4832-A35A-196D84C7820F}.Debug|Any CPU.ActiveCfg = Debug|Any CPU
		{DF0AC385-013D-4832-A35A-196D84C7820F}.Debug|Any CPU.Build.0 = Debug|Any CPU
		{DF0AC385-013D-4832-A35A-196D84C7820F}.Release|Any CPU.ActiveCfg = Release|Any CPU
		{DF0AC385-013D-4832-A35A-196D84C7820F}.Release|Any CPU.Build.0 = Release|Any CPU
		{7D432754-FDB5-46E8-B8A1-9F431266B8D6}.Debug|Any CPU.ActiveCfg = Debug|Any CPU
		{7D432754-FDB5-46E8-B8A1-9F431266B8D6}.Debug|Any CPU.Build.0 = Debug|Any CPU
		{7D432754-FDB5-46E8-B8A1-9F431266B8D6}.Release|Any CPU.ActiveCfg = Release|Any CPU
		{7D432754-FDB5-46E8-B8A1-9F431266B8D6}.Release|Any CPU.Build.0 = Release|Any CPU
		{46F1BEA2-A834-4295-BCE0-D23E8E7F8A59}.Debug|Any CPU.ActiveCfg = Debug|Any CPU
		{46F1BEA2-A834-4295-BCE0-D23E8E7F8A59}.Debug|Any CPU.Build.0 = Debug|Any CPU
		{46F1BEA2-A834-4295-BCE0-D23E8E7F8A59}.Release|Any CPU.ActiveCfg = Release|Any CPU
		{46F1BEA2-A834-4295-BCE0-D23E8E7F8A59}.Release|Any CPU.Build.0 = Release|Any CPU
	EndGlobalSection
	GlobalSection(SolutionProperties) = preSolution
		HideSolutionNode = FALSE
	EndGlobalSection
	GlobalSection(ExtensibilityGlobals) = postSolution
		SolutionGuid = {D83664C2-CE7E-445E-B065-220B58B3BC3D}
	EndGlobalSection
EndGlobal
